
Microsoft Visual Studio Solution File, Format Version 12.00
# Visual Studio Version 17
VisualStudioVersion = 17.0.32014.148
MinimumVisualStudioVersion = 10.0.40219.1
Project("{FAE04EC0-301F-11D3-BF4B-00C04F79EFBC}") = "testForm", "testForm\testForm.csproj", "{0448FB01-94FE-45AF-ABD3-369A3BC09663}"
EndProject
Global
	GlobalSection(SolutionConfigurationPlatforms) = preSolution
		Debug|Any CPU = Debug|Any CPU
		Release|Any CPU = Release|Any CPU
	EndGlobalSection
	GlobalSection(ProjectConfigurationPlatforms) = postSolution
		{0448FB01-94FE-45AF-ABD3-369A3BC09663}.Debug|Any CPU.ActiveCfg = Debug|Any CPU
		{0448FB01-94FE-45AF-ABD3-369A3BC09663}.Debug|Any CPU.Build.0 = Debug|Any CPU
		{0448FB01-94FE-45AF-ABD3-369A3BC09663}.Release|Any CPU.ActiveCfg = Release|Any CPU
		{0448FB01-94FE-45AF-ABD3-369A3BC09663}.Release|Any CPU.Build.0 = Release|Any CPU
	EndGlobalSection
	GlobalSection(SolutionProperties) = preSolution
		HideSolutionNode = FALSE
	EndGlobalSection
	GlobalSection(ExtensibilityGlobals) = postSolution
		SolutionGuid = {168CFE5E-5786-4A6A-B686-14B9BF5D150F}
	EndGlobalSection
EndGlobal
