
Microsoft Visual Studio Solution File, Format Version 12.00
# Visual Studio Version 17
VisualStudioVersion = 17.0.32014.148
MinimumVisualStudioVersion = 10.0.40219.1
Project("{FAE04EC0-301F-11D3-BF4B-00C04F79EFBC}") = "CA0119", "CA0119\CA0119.csproj", "{8CD1B13D-5E4F-4BC1-933A-F71F68A8EFB7}"
EndProject
Global
	GlobalSection(SolutionConfigurationPlatforms) = preSolution
		Debug|Any CPU = Debug|Any CPU
		Release|Any CPU = Release|Any CPU
	EndGlobalSection
	GlobalSection(ProjectConfigurationPlatforms) = postSolution
		{8CD1B13D-5E4F-4BC1-933A-F71F68A8EFB7}.Debug|Any CPU.ActiveCfg = Debug|Any CPU
		{8CD1B13D-5E4F-4BC1-933A-F71F68A8EFB7}.Debug|Any CPU.Build.0 = Debug|Any CPU
		{8CD1B13D-5E4F-4BC1-933A-F71F68A8EFB7}.Release|Any CPU.ActiveCfg = Release|Any CPU
		{8CD1B13D-5E4F-4BC1-933A-F71F68A8EFB7}.Release|Any CPU.Build.0 = Release|Any CPU
	EndGlobalSection
	GlobalSection(SolutionProperties) = preSolution
		HideSolutionNode = FALSE
	EndGlobalSection
	GlobalSection(ExtensibilityGlobals) = postSolution
		SolutionGuid = {8A742EDC-68B7-40B8-8A32-EDD1CB7738B7}
	EndGlobalSection
EndGlobal
