
Microsoft Visual Studio Solution File, Format Version 12.00
# Visual Studio Version 17
VisualStudioVersion = 17.0.32014.148
MinimumVisualStudioVersion = 10.0.40219.1
Project("{FAE04EC0-301F-11D3-BF4B-00C04F79EFBC}") = "CA0106", "CA0106\CA0106.csproj", "{D09AF3D6-ACD2-4E15-89EE-D2418863D712}"
EndProject
Global
	GlobalSection(SolutionConfigurationPlatforms) = preSolution
		Debug|Any CPU = Debug|Any CPU
		Release|Any CPU = Release|Any CPU
	EndGlobalSection
	GlobalSection(ProjectConfigurationPlatforms) = postSolution
		{D09AF3D6-ACD2-4E15-89EE-D2418863D712}.Debug|Any CPU.ActiveCfg = Debug|Any CPU
		{D09AF3D6-ACD2-4E15-89EE-D2418863D712}.Debug|Any CPU.Build.0 = Debug|Any CPU
		{D09AF3D6-ACD2-4E15-89EE-D2418863D712}.Release|Any CPU.ActiveCfg = Release|Any CPU
		{D09AF3D6-ACD2-4E15-89EE-D2418863D712}.Release|Any CPU.Build.0 = Release|Any CPU
	EndGlobalSection
	GlobalSection(SolutionProperties) = preSolution
		HideSolutionNode = FALSE
	EndGlobalSection
	GlobalSection(ExtensibilityGlobals) = postSolution
		SolutionGuid = {F75A0F70-6706-4307-AA9A-75928B71F096}
	EndGlobalSection
EndGlobal
