
Microsoft Visual Studio Solution File, Format Version 12.00
# Visual Studio Version 17
VisualStudioVersion = 17.0.32014.148
MinimumVisualStudioVersion = 10.0.40219.1
Project("{FAE04EC0-301F-11D3-BF4B-00C04F79EFBC}") = "CA0118.2", "CA0118.2\CA0118.2.csproj", "{A44F5311-9A44-42AD-8AEC-BE283D14E911}"
EndProject
Project("{FAE04EC0-301F-11D3-BF4B-00C04F79EFBC}") = "Models", "Models\Models.csproj", "{CF05F188-CBC9-41AE-9877-F778B74DF108}"
EndProject
Global
	GlobalSection(SolutionConfigurationPlatforms) = preSolution
		Debug|Any CPU = Debug|Any CPU
		Release|Any CPU = Release|Any CPU
	EndGlobalSection
	GlobalSection(ProjectConfigurationPlatforms) = postSolution
		{A44F5311-9A44-42AD-8AEC-BE283D14E911}.Debug|Any CPU.ActiveCfg = Debug|Any CPU
		{A44F5311-9A44-42AD-8AEC-BE283D14E911}.Debug|Any CPU.Build.0 = Debug|Any CPU
		{A44F5311-9A44-42AD-8AEC-BE283D14E911}.Release|Any CPU.ActiveCfg = Release|Any CPU
		{A44F5311-9A44-42AD-8AEC-BE283D14E911}.Release|Any CPU.Build.0 = Release|Any CPU
		{CF05F188-CBC9-41AE-9877-F778B74DF108}.Debug|Any CPU.ActiveCfg = Debug|Any CPU
		{CF05F188-CBC9-41AE-9877-F778B74DF108}.Debug|Any CPU.Build.0 = Debug|Any CPU
		{CF05F188-CBC9-41AE-9877-F778B74DF108}.Release|Any CPU.ActiveCfg = Release|Any CPU
		{CF05F188-CBC9-41AE-9877-F778B74DF108}.Release|Any CPU.Build.0 = Release|Any CPU
	EndGlobalSection
	GlobalSection(SolutionProperties) = preSolution
		HideSolutionNode = FALSE
	EndGlobalSection
	GlobalSection(ExtensibilityGlobals) = postSolution
		SolutionGuid = {EDBEF923-7BA1-4485-989C-8E152B1F40E2}
	EndGlobalSection
EndGlobal
