
Microsoft Visual Studio Solution File, Format Version 12.00
# Visual Studio Version 17
VisualStudioVersion = 17.0.32014.148
MinimumVisualStudioVersion = 10.0.40219.1
Project("{FAE04EC0-301F-11D3-BF4B-00C04F79EFBC}") = "CA0113", "CA0113\CA0113.csproj", "{D89D4A0D-088D-4677-82F9-57420B0B7E50}"
EndProject
Global
	GlobalSection(SolutionConfigurationPlatforms) = preSolution
		Debug|Any CPU = Debug|Any CPU
		Release|Any CPU = Release|Any CPU
	EndGlobalSection
	GlobalSection(ProjectConfigurationPlatforms) = postSolution
		{D89D4A0D-088D-4677-82F9-57420B0B7E50}.Debug|Any CPU.ActiveCfg = Debug|Any CPU
		{D89D4A0D-088D-4677-82F9-57420B0B7E50}.Debug|Any CPU.Build.0 = Debug|Any CPU
		{D89D4A0D-088D-4677-82F9-57420B0B7E50}.Release|Any CPU.ActiveCfg = Release|Any CPU
		{D89D4A0D-088D-4677-82F9-57420B0B7E50}.Release|Any CPU.Build.0 = Release|Any CPU
	EndGlobalSection
	GlobalSection(SolutionProperties) = preSolution
		HideSolutionNode = FALSE
	EndGlobalSection
	GlobalSection(ExtensibilityGlobals) = postSolution
		SolutionGuid = {4945FA19-C3A8-4CEB-BECD-C91A0CA9D951}
	EndGlobalSection
EndGlobal
