
Microsoft Visual Studio Solution File, Format Version 12.00
# Visual Studio Version 17
VisualStudioVersion = 17.0.32014.148
MinimumVisualStudioVersion = 10.0.40219.1
Project("{FAE04EC0-301F-11D3-BF4B-00C04F79EFBC}") = "CodeLessons", "CodeLessons\CodeLessons.csproj", "{FFACCE4D-CD0F-43FB-BEAD-824C1EA6094A}"
EndProject
Global
	GlobalSection(SolutionConfigurationPlatforms) = preSolution
		Debug|Any CPU = Debug|Any CPU
		Release|Any CPU = Release|Any CPU
	EndGlobalSection
	GlobalSection(ProjectConfigurationPlatforms) = postSolution
		{FFACCE4D-CD0F-43FB-BEAD-824C1EA6094A}.Debug|Any CPU.ActiveCfg = Debug|Any CPU
		{FFACCE4D-CD0F-43FB-BEAD-824C1EA6094A}.Debug|Any CPU.Build.0 = Debug|Any CPU
		{FFACCE4D-CD0F-43FB-BEAD-824C1EA6094A}.Release|Any CPU.ActiveCfg = Release|Any CPU
		{FFACCE4D-CD0F-43FB-BEAD-824C1EA6094A}.Release|Any CPU.Build.0 = Release|Any CPU
	EndGlobalSection
	GlobalSection(SolutionProperties) = preSolution
		HideSolutionNode = FALSE
	EndGlobalSection
	GlobalSection(ExtensibilityGlobals) = postSolution
		SolutionGuid = {F5B280E5-801C-4822-81D0-D950FAB4DDE3}
	EndGlobalSection
EndGlobal
