
Microsoft Visual Studio Solution File, Format Version 12.00
# Visual Studio Version 17
VisualStudioVersion = 17.0.32014.148
MinimumVisualStudioVersion = 10.0.40219.1
Project("{FAE04EC0-301F-11D3-BF4B-00C04F79EFBC}") = "homeWorks1", "homeWorks1\homeWorks1.csproj", "{B8F7FFA7-DBB9-4522-BB8B-F5BE8B5021A5}"
EndProject
Global
	GlobalSection(SolutionConfigurationPlatforms) = preSolution
		Debug|Any CPU = Debug|Any CPU
		Release|Any CPU = Release|Any CPU
	EndGlobalSection
	GlobalSection(ProjectConfigurationPlatforms) = postSolution
		{B8F7FFA7-DBB9-4522-BB8B-F5BE8B5021A5}.Debug|Any CPU.ActiveCfg = Debug|Any CPU
		{B8F7FFA7-DBB9-4522-BB8B-F5BE8B5021A5}.Debug|Any CPU.Build.0 = Debug|Any CPU
		{B8F7FFA7-DBB9-4522-BB8B-F5BE8B5021A5}.Release|Any CPU.ActiveCfg = Release|Any CPU
		{B8F7FFA7-DBB9-4522-BB8B-F5BE8B5021A5}.Release|Any CPU.Build.0 = Release|Any CPU
	EndGlobalSection
	GlobalSection(SolutionProperties) = preSolution
		HideSolutionNode = FALSE
	EndGlobalSection
	GlobalSection(ExtensibilityGlobals) = postSolution
		SolutionGuid = {9F07E752-3DFD-411D-9910-84027DE5D37E}
	EndGlobalSection
EndGlobal
